// !$*UTF8*$!
{
	archiveVersion = 1;
	classes = {
	};
	objectVersion = 51;
	objects = {

/* Begin PBXBuildFile section */
		23B0C25C0F35077D3729A36A /* Pods_Nearby.framework in Frameworks */ = {isa = PBXBuildFile; fileRef = 460E8454069C69FE5FAA476E /* Pods_Nearby.framework */; };
		95A6776615DB5D78DFFC5F86 /* Pods_NearbyTests.framework in Frameworks */ = {isa = PBXBuildFile; fileRef = 6038E199B5ABE9D10D7C3D00 /* Pods_NearbyTests.framework */; };
		EB5F6CCC22AE7CC50053D2D0 /* AppDelegate.swift in Sources */ = {isa = PBXBuildFile; fileRef = EB5F6CCB22AE7CC50053D2D0 /* AppDelegate.swift */; };
		EB5F6CCE22AE7CC50053D2D0 /* VenuesListViewController.swift in Sources */ = {isa = PBXBuildFile; fileRef = EB5F6CCD22AE7CC50053D2D0 /* VenuesListViewController.swift */; };
		EB5F6CD122AE7CC50053D2D0 /* Main.storyboard in Resources */ = {isa = PBXBuildFile; fileRef = EB5F6CCF22AE7CC50053D2D0 /* Main.storyboard */; };
		EB5F6CD322AE7CC70053D2D0 /* Assets.xcassets in Resources */ = {isa = PBXBuildFile; fileRef = EB5F6CD222AE7CC70053D2D0 /* Assets.xcassets */; };
		EB5F6CD622AE7CC70053D2D0 /* LaunchScreen.storyboard in Resources */ = {isa = PBXBuildFile; fileRef = EB5F6CD422AE7CC70053D2D0 /* LaunchScreen.storyboard */; };
		EB5F6CE122AE7CC70053D2D0 /* NearbyTests.swift in Sources */ = {isa = PBXBuildFile; fileRef = EB5F6CE022AE7CC70053D2D0 /* NearbyTests.swift */; };
		EB5F6CEE22AE7D0C0053D2D0 /* APIRequestLoader.swift in Sources */ = {isa = PBXBuildFile; fileRef = EB5F6CED22AE7D0C0053D2D0 /* APIRequestLoader.swift */; };
		EB5F6CF022AE7D360053D2D0 /* APIRequestProtocol.swift in Sources */ = {isa = PBXBuildFile; fileRef = EB5F6CEF22AE7D360053D2D0 /* APIRequestProtocol.swift */; };
		EB5F6CF222AE7D5B0053D2D0 /* APIConfiguration.swift in Sources */ = {isa = PBXBuildFile; fileRef = EB5F6CF122AE7D5B0053D2D0 /* APIConfiguration.swift */; };
		EB5F6CF522AE7D8B0053D2D0 /* NearbyVenuesRequest.swift in Sources */ = {isa = PBXBuildFile; fileRef = EB5F6CF422AE7D8B0053D2D0 /* NearbyVenuesRequest.swift */; };
		EB5F6CF822AE7E220053D2D0 /* Venue.swift in Sources */ = {isa = PBXBuildFile; fileRef = EB5F6CF722AE7E220053D2D0 /* Venue.swift */; };
		EB5F6CFF22AE9B190053D2D0 /* VenueTableViewCell.swift in Sources */ = {isa = PBXBuildFile; fileRef = EB5F6CFD22AE9B190053D2D0 /* VenueTableViewCell.swift */; };
		EB5F6D0022AE9B190053D2D0 /* VenueTableViewCell.xib in Resources */ = {isa = PBXBuildFile; fileRef = EB5F6CFE22AE9B190053D2D0 /* VenueTableViewCell.xib */; };
		EB5F6D0322AEA8200053D2D0 /* VenuesListDataSource.swift in Sources */ = {isa = PBXBuildFile; fileRef = EB5F6D0222AEA8200053D2D0 /* VenuesListDataSource.swift */; };
		EB5F6D0522AEAB6B0053D2D0 /* VenuesController.swift in Sources */ = {isa = PBXBuildFile; fileRef = EB5F6D0422AEAB6B0053D2D0 /* VenuesController.swift */; };
		EB5F6D0B22AEF3870053D2D0 /* UIImage+Extensions.swift in Sources */ = {isa = PBXBuildFile; fileRef = EB5F6D0A22AEF3870053D2D0 /* UIImage+Extensions.swift */; };
		EB5F6D0D22AEF4BF0053D2D0 /* UserLocationManager.swift in Sources */ = {isa = PBXBuildFile; fileRef = EB5F6D0C22AEF4BF0053D2D0 /* UserLocationManager.swift */; };
/* End PBXBuildFile section */

/* Begin PBXContainerItemProxy section */
		EB5F6CDD22AE7CC70053D2D0 /* PBXContainerItemProxy */ = {
			isa = PBXContainerItemProxy;
			containerPortal = EB5F6CC022AE7CC50053D2D0 /* Project object */;
			proxyType = 1;
			remoteGlobalIDString = EB5F6CC722AE7CC50053D2D0;
			remoteInfo = Nearby;
		};
/* End PBXContainerItemProxy section */

/* Begin PBXFileReference section */
		460E8454069C69FE5FAA476E /* Pods_Nearby.framework */ = {isa = PBXFileReference; explicitFileType = wrapper.framework; includeInIndex = 0; path = Pods_Nearby.framework; sourceTree = BUILT_PRODUCTS_DIR; };
		6038E199B5ABE9D10D7C3D00 /* Pods_NearbyTests.framework */ = {isa = PBXFileReference; explicitFileType = wrapper.framework; includeInIndex = 0; path = Pods_NearbyTests.framework; sourceTree = BUILT_PRODUCTS_DIR; };
		73E9D0DA1BAAB660DD318A66 /* Pods-Nearby.release.xcconfig */ = {isa = PBXFileReference; includeInIndex = 1; lastKnownFileType = text.xcconfig; name = "Pods-Nearby.release.xcconfig"; path = "Target Support Files/Pods-Nearby/Pods-Nearby.release.xcconfig"; sourceTree = "<group>"; };
		83503D8063EC690650E33444 /* Pods-Nearby.debug.xcconfig */ = {isa = PBXFileReference; includeInIndex = 1; lastKnownFileType = text.xcconfig; name = "Pods-Nearby.debug.xcconfig"; path = "Target Support Files/Pods-Nearby/Pods-Nearby.debug.xcconfig"; sourceTree = "<group>"; };
		C9AD01D143A4C7D580E5435F /* Pods-NearbyTests.release.xcconfig */ = {isa = PBXFileReference; includeInIndex = 1; lastKnownFileType = text.xcconfig; name = "Pods-NearbyTests.release.xcconfig"; path = "Target Support Files/Pods-NearbyTests/Pods-NearbyTests.release.xcconfig"; sourceTree = "<group>"; };
		EB5F6CC822AE7CC50053D2D0 /* Nearby.app */ = {isa = PBXFileReference; explicitFileType = wrapper.application; includeInIndex = 0; path = Nearby.app; sourceTree = BUILT_PRODUCTS_DIR; };
		EB5F6CCB22AE7CC50053D2D0 /* AppDelegate.swift */ = {isa = PBXFileReference; lastKnownFileType = sourcecode.swift; path = AppDelegate.swift; sourceTree = "<group>"; };
		EB5F6CCD22AE7CC50053D2D0 /* VenuesListViewController.swift */ = {isa = PBXFileReference; lastKnownFileType = sourcecode.swift; path = VenuesListViewController.swift; sourceTree = "<group>"; };
		EB5F6CD022AE7CC50053D2D0 /* Base */ = {isa = PBXFileReference; lastKnownFileType = file.storyboard; name = Base; path = Base.lproj/Main.storyboard; sourceTree = "<group>"; };
		EB5F6CD222AE7CC70053D2D0 /* Assets.xcassets */ = {isa = PBXFileReference; lastKnownFileType = folder.assetcatalog; path = Assets.xcassets; sourceTree = "<group>"; };
		EB5F6CD522AE7CC70053D2D0 /* Base */ = {isa = PBXFileReference; lastKnownFileType = file.storyboard; name = Base; path = Base.lproj/LaunchScreen.storyboard; sourceTree = "<group>"; };
		EB5F6CD722AE7CC70053D2D0 /* Info.plist */ = {isa = PBXFileReference; lastKnownFileType = text.plist.xml; path = Info.plist; sourceTree = "<group>"; };
		EB5F6CDC22AE7CC70053D2D0 /* NearbyTests.xctest */ = {isa = PBXFileReference; explicitFileType = wrapper.cfbundle; includeInIndex = 0; path = NearbyTests.xctest; sourceTree = BUILT_PRODUCTS_DIR; };
		EB5F6CE022AE7CC70053D2D0 /* NearbyTests.swift */ = {isa = PBXFileReference; lastKnownFileType = sourcecode.swift; path = NearbyTests.swift; sourceTree = "<group>"; };
		EB5F6CE222AE7CC70053D2D0 /* Info.plist */ = {isa = PBXFileReference; lastKnownFileType = text.plist.xml; path = Info.plist; sourceTree = "<group>"; };
		EB5F6CED22AE7D0C0053D2D0 /* APIRequestLoader.swift */ = {isa = PBXFileReference; lastKnownFileType = sourcecode.swift; path = APIRequestLoader.swift; sourceTree = "<group>"; };
		EB5F6CEF22AE7D360053D2D0 /* APIRequestProtocol.swift */ = {isa = PBXFileReference; lastKnownFileType = sourcecode.swift; path = APIRequestProtocol.swift; sourceTree = "<group>"; };
		EB5F6CF122AE7D5B0053D2D0 /* APIConfiguration.swift */ = {isa = PBXFileReference; lastKnownFileType = sourcecode.swift; path = APIConfiguration.swift; sourceTree = "<group>"; };
		EB5F6CF422AE7D8B0053D2D0 /* NearbyVenuesRequest.swift */ = {isa = PBXFileReference; lastKnownFileType = sourcecode.swift; path = NearbyVenuesRequest.swift; sourceTree = "<group>"; };
		EB5F6CF722AE7E220053D2D0 /* Venue.swift */ = {isa = PBXFileReference; lastKnownFileType = sourcecode.swift; path = Venue.swift; sourceTree = "<group>"; };
		EB5F6CFD22AE9B190053D2D0 /* VenueTableViewCell.swift */ = {isa = PBXFileReference; lastKnownFileType = sourcecode.swift; path = VenueTableViewCell.swift; sourceTree = "<group>"; };
		EB5F6CFE22AE9B190053D2D0 /* VenueTableViewCell.xib */ = {isa = PBXFileReference; lastKnownFileType = file.xib; path = VenueTableViewCell.xib; sourceTree = "<group>"; };
		EB5F6D0222AEA8200053D2D0 /* VenuesListDataSource.swift */ = {isa = PBXFileReference; lastKnownFileType = sourcecode.swift; path = VenuesListDataSource.swift; sourceTree = "<group>"; };
		EB5F6D0422AEAB6B0053D2D0 /* VenuesController.swift */ = {isa = PBXFileReference; lastKnownFileType = sourcecode.swift; path = VenuesController.swift; sourceTree = "<group>"; };
		EB5F6D0A22AEF3870053D2D0 /* UIImage+Extensions.swift */ = {isa = PBXFileReference; lastKnownFileType = sourcecode.swift; path = "UIImage+Extensions.swift"; sourceTree = "<group>"; };
		EB5F6D0C22AEF4BF0053D2D0 /* UserLocationManager.swift */ = {isa = PBXFileReference; fileEncoding = 4; lastKnownFileType = sourcecode.swift; path = UserLocationManager.swift; sourceTree = "<group>"; };
		F888102AA3D130970330F186 /* Pods-NearbyTests.debug.xcconfig */ = {isa = PBXFileReference; includeInIndex = 1; lastKnownFileType = text.xcconfig; name = "Pods-NearbyTests.debug.xcconfig"; path = "Target Support Files/Pods-NearbyTests/Pods-NearbyTests.debug.xcconfig"; sourceTree = "<group>"; };
/* End PBXFileReference section */

/* Begin PBXFrameworksBuildPhase section */
		EB5F6CC522AE7CC50053D2D0 /* Frameworks */ = {
			isa = PBXFrameworksBuildPhase;
			buildActionMask = 2147483647;
			files = (
				23B0C25C0F35077D3729A36A /* Pods_Nearby.framework in Frameworks */,
			);
			runOnlyForDeploymentPostprocessing = 0;
		};
		EB5F6CD922AE7CC70053D2D0 /* Frameworks */ = {
			isa = PBXFrameworksBuildPhase;
			buildActionMask = 2147483647;
			files = (
				95A6776615DB5D78DFFC5F86 /* Pods_NearbyTests.framework in Frameworks */,
			);
			runOnlyForDeploymentPostprocessing = 0;
		};
/* End PBXFrameworksBuildPhase section */

/* Begin PBXGroup section */
		7731AF09A4FA2EDA9BC29A9A /* Pods */ = {
			isa = PBXGroup;
			children = (
				83503D8063EC690650E33444 /* Pods-Nearby.debug.xcconfig */,
				73E9D0DA1BAAB660DD318A66 /* Pods-Nearby.release.xcconfig */,
				F888102AA3D130970330F186 /* Pods-NearbyTests.debug.xcconfig */,
				C9AD01D143A4C7D580E5435F /* Pods-NearbyTests.release.xcconfig */,
			);
			path = Pods;
			sourceTree = "<group>";
		};
		908275C8028D678D698E1C05 /* Frameworks */ = {
			isa = PBXGroup;
			children = (
				460E8454069C69FE5FAA476E /* Pods_Nearby.framework */,
				6038E199B5ABE9D10D7C3D00 /* Pods_NearbyTests.framework */,
			);
			name = Frameworks;
			sourceTree = "<group>";
		};
		EB5F6CBF22AE7CC50053D2D0 = {
			isa = PBXGroup;
			children = (
				EB5F6CCA22AE7CC50053D2D0 /* Nearby */,
				EB5F6CDF22AE7CC70053D2D0 /* NearbyTests */,
				EB5F6CC922AE7CC50053D2D0 /* Products */,
				7731AF09A4FA2EDA9BC29A9A /* Pods */,
				908275C8028D678D698E1C05 /* Frameworks */,
			);
			sourceTree = "<group>";
		};
		EB5F6CC922AE7CC50053D2D0 /* Products */ = {
			isa = PBXGroup;
			children = (
				EB5F6CC822AE7CC50053D2D0 /* Nearby.app */,
				EB5F6CDC22AE7CC70053D2D0 /* NearbyTests.xctest */,
			);
			name = Products;
			sourceTree = "<group>";
		};
		EB5F6CCA22AE7CC50053D2D0 /* Nearby */ = {
			isa = PBXGroup;
			children = (
				EB5F6D0922AEF3740053D2D0 /* Extension */,
				EB5F6D0122AEA7EB0053D2D0 /* VenuesList */,
				EB5F6CF622AE7E020053D2D0 /* Models */,
				EB5F6CEB22AE7CD40053D2D0 /* Networking */,
				EB5F6CCB22AE7CC50053D2D0 /* AppDelegate.swift */,
				EB5F6CCF22AE7CC50053D2D0 /* Main.storyboard */,
				EB5F6CD222AE7CC70053D2D0 /* Assets.xcassets */,
				EB5F6CD422AE7CC70053D2D0 /* LaunchScreen.storyboard */,
				EB5F6CD722AE7CC70053D2D0 /* Info.plist */,
			);
			path = Nearby;
			sourceTree = "<group>";
		};
		EB5F6CDF22AE7CC70053D2D0 /* NearbyTests */ = {
			isa = PBXGroup;
			children = (
				EB5F6CE022AE7CC70053D2D0 /* NearbyTests.swift */,
				EB5F6CE222AE7CC70053D2D0 /* Info.plist */,
			);
			path = NearbyTests;
			sourceTree = "<group>";
		};
		EB5F6CEB22AE7CD40053D2D0 /* Networking */ = {
			isa = PBXGroup;
			children = (
				EB5F6CF322AE7D780053D2D0 /* Requests */,
				EB5F6CEC22AE7CEC0053D2D0 /* Core */,
			);
			path = Networking;
			sourceTree = "<group>";
		};
		EB5F6CEC22AE7CEC0053D2D0 /* Core */ = {
			isa = PBXGroup;
			children = (
				EB5F6CED22AE7D0C0053D2D0 /* APIRequestLoader.swift */,
				EB5F6CEF22AE7D360053D2D0 /* APIRequestProtocol.swift */,
				EB5F6CF122AE7D5B0053D2D0 /* APIConfiguration.swift */,
			);
			path = Core;
			sourceTree = "<group>";
		};
		EB5F6CF322AE7D780053D2D0 /* Requests */ = {
			isa = PBXGroup;
			children = (
				EB5F6CF422AE7D8B0053D2D0 /* NearbyVenuesRequest.swift */,
			);
			path = Requests;
			sourceTree = "<group>";
		};
		EB5F6CF622AE7E020053D2D0 /* Models */ = {
			isa = PBXGroup;
			children = (
				EB5F6CF722AE7E220053D2D0 /* Venue.swift */,
			);
			path = Models;
			sourceTree = "<group>";
		};
		EB5F6CFB22AE8DFF0053D2D0 /* Views */ = {
			isa = PBXGroup;
			children = (
				EB5F6CFC22AE9AF80053D2D0 /* VenueTableViewCell */,
			);
			path = Views;
			sourceTree = "<group>";
		};
		EB5F6CFC22AE9AF80053D2D0 /* VenueTableViewCell */ = {
			isa = PBXGroup;
			children = (
				EB5F6CFD22AE9B190053D2D0 /* VenueTableViewCell.swift */,
				EB5F6CFE22AE9B190053D2D0 /* VenueTableViewCell.xib */,
			);
			path = VenueTableViewCell;
			sourceTree = "<group>";
		};
		EB5F6D0122AEA7EB0053D2D0 /* VenuesList */ = {
			isa = PBXGroup;
			children = (
				EB5F6CFB22AE8DFF0053D2D0 /* Views */,
				EB5F6CCD22AE7CC50053D2D0 /* VenuesListViewController.swift */,
				EB5F6D0222AEA8200053D2D0 /* VenuesListDataSource.swift */,
				EB5F6D0422AEAB6B0053D2D0 /* VenuesController.swift */,
				EB5F6D0C22AEF4BF0053D2D0 /* UserLocationManager.swift */,
			);
			path = VenuesList;
			sourceTree = "<group>";
		};
		EB5F6D0922AEF3740053D2D0 /* Extension */ = {
			isa = PBXGroup;
			children = (
				EB5F6D0A22AEF3870053D2D0 /* UIImage+Extensions.swift */,
			);
			path = Extension;
			sourceTree = "<group>";
		};
/* End PBXGroup section */

/* Begin PBXNativeTarget section */
		EB5F6CC722AE7CC50053D2D0 /* Nearby */ = {
			isa = PBXNativeTarget;
			buildConfigurationList = EB5F6CE522AE7CC70053D2D0 /* Build configuration list for PBXNativeTarget "Nearby" */;
			buildPhases = (
				488167D0F4982E1A991135A9 /* [CP] Check Pods Manifest.lock */,
				EB5F6CC422AE7CC50053D2D0 /* Sources */,
				EB5F6CC522AE7CC50053D2D0 /* Frameworks */,
				EB5F6CC622AE7CC50053D2D0 /* Resources */,
				D24BA936D114A658B4883F2A /* [CP] Embed Pods Frameworks */,
			);
			buildRules = (
			);
			dependencies = (
			);
			name = Nearby;
			productName = Nearby;
			productReference = EB5F6CC822AE7CC50053D2D0 /* Nearby.app */;
			productType = "com.apple.product-type.application";
		};
		EB5F6CDB22AE7CC70053D2D0 /* NearbyTests */ = {
			isa = PBXNativeTarget;
			buildConfigurationList = EB5F6CE822AE7CC70053D2D0 /* Build configuration list for PBXNativeTarget "NearbyTests" */;
			buildPhases = (
				0D3F4A7620728E841B8A6B9D /* [CP] Check Pods Manifest.lock */,
				EB5F6CD822AE7CC70053D2D0 /* Sources */,
				EB5F6CD922AE7CC70053D2D0 /* Frameworks */,
				EB5F6CDA22AE7CC70053D2D0 /* Resources */,
			);
			buildRules = (
			);
			dependencies = (
				EB5F6CDE22AE7CC70053D2D0 /* PBXTargetDependency */,
			);
			name = NearbyTests;
			productName = NearbyTests;
			productReference = EB5F6CDC22AE7CC70053D2D0 /* NearbyTests.xctest */;
			productType = "com.apple.product-type.bundle.unit-test";
		};
/* End PBXNativeTarget section */

/* Begin PBXProject section */
		EB5F6CC022AE7CC50053D2D0 /* Project object */ = {
			isa = PBXProject;
			attributes = {
				LastSwiftUpdateCheck = 1020;
				LastUpgradeCheck = 1020;
				ORGANIZATIONNAME = "Tung Vo";
				TargetAttributes = {
					EB5F6CC722AE7CC50053D2D0 = {
						CreatedOnToolsVersion = 10.2.1;
					};
					EB5F6CDB22AE7CC70053D2D0 = {
						CreatedOnToolsVersion = 10.2.1;
						TestTargetID = EB5F6CC722AE7CC50053D2D0;
					};
				};
			};
			buildConfigurationList = EB5F6CC322AE7CC50053D2D0 /* Build configuration list for PBXProject "Nearby" */;
			compatibilityVersion = "Xcode 9.3";
			developmentRegion = en;
			hasScannedForEncodings = 0;
			knownRegions = (
				en,
				Base,
			);
			mainGroup = EB5F6CBF22AE7CC50053D2D0;
			productRefGroup = EB5F6CC922AE7CC50053D2D0 /* Products */;
			projectDirPath = "";
			projectRoot = "";
			targets = (
				EB5F6CC722AE7CC50053D2D0 /* Nearby */,
				EB5F6CDB22AE7CC70053D2D0 /* NearbyTests */,
			);
		};
/* End PBXProject section */

/* Begin PBXResourcesBuildPhase section */
		EB5F6CC622AE7CC50053D2D0 /* Resources */ = {
			isa = PBXResourcesBuildPhase;
			buildActionMask = 2147483647;
			files = (
				EB5F6CD622AE7CC70053D2D0 /* LaunchScreen.storyboard in Resources */,
				EB5F6D0022AE9B190053D2D0 /* VenueTableViewCell.xib in Resources */,
				EB5F6CD322AE7CC70053D2D0 /* Assets.xcassets in Resources */,
				EB5F6CD122AE7CC50053D2D0 /* Main.storyboard in Resources */,
			);
			runOnlyForDeploymentPostprocessing = 0;
		};
		EB5F6CDA22AE7CC70053D2D0 /* Resources */ = {
			isa = PBXResourcesBuildPhase;
			buildActionMask = 2147483647;
			files = (
			);
			runOnlyForDeploymentPostprocessing = 0;
		};
/* End PBXResourcesBuildPhase section */

/* Begin PBXShellScriptBuildPhase section */
		0D3F4A7620728E841B8A6B9D /* [CP] Check Pods Manifest.lock */ = {
			isa = PBXShellScriptBuildPhase;
			buildActionMask = 2147483647;
			files = (
			);
			inputFileListPaths = (
			);
			inputPaths = (
				"${PODS_PODFILE_DIR_PATH}/Podfile.lock",
				"${PODS_ROOT}/Manifest.lock",
			);
			name = "[CP] Check Pods Manifest.lock";
			outputFileListPaths = (
			);
			outputPaths = (
				"$(DERIVED_FILE_DIR)/Pods-NearbyTests-checkManifestLockResult.txt",
			);
			runOnlyForDeploymentPostprocessing = 0;
			shellPath = /bin/sh;
			shellScript = "diff \"${PODS_PODFILE_DIR_PATH}/Podfile.lock\" \"${PODS_ROOT}/Manifest.lock\" > /dev/null\nif [ $? != 0 ] ; then\n    # print error to STDERR\n    echo \"error: The sandbox is not in sync with the Podfile.lock. Run 'pod install' or update your CocoaPods installation.\" >&2\n    exit 1\nfi\n# This output is used by Xcode 'outputs' to avoid re-running this script phase.\necho \"SUCCESS\" > \"${SCRIPT_OUTPUT_FILE_0}\"\n";
			showEnvVarsInLog = 0;
		};
		488167D0F4982E1A991135A9 /* [CP] Check Pods Manifest.lock */ = {
			isa = PBXShellScriptBuildPhase;
			buildActionMask = 2147483647;
			files = (
			);
			inputFileListPaths = (
			);
			inputPaths = (
				"${PODS_PODFILE_DIR_PATH}/Podfile.lock",
				"${PODS_ROOT}/Manifest.lock",
			);
			name = "[CP] Check Pods Manifest.lock";
			outputFileListPaths = (
			);
			outputPaths = (
				"$(DERIVED_FILE_DIR)/Pods-Nearby-checkManifestLockResult.txt",
			);
			runOnlyForDeploymentPostprocessing = 0;
			shellPath = /bin/sh;
			shellScript = "diff \"${PODS_PODFILE_DIR_PATH}/Podfile.lock\" \"${PODS_ROOT}/Manifest.lock\" > /dev/null\nif [ $? != 0 ] ; then\n    # print error to STDERR\n    echo \"error: The sandbox is not in sync with the Podfile.lock. Run 'pod install' or update your CocoaPods installation.\" >&2\n    exit 1\nfi\n# This output is used by Xcode 'outputs' to avoid re-running this script phase.\necho \"SUCCESS\" > \"${SCRIPT_OUTPUT_FILE_0}\"\n";
			showEnvVarsInLog = 0;
		};
		D24BA936D114A658B4883F2A /* [CP] Embed Pods Frameworks */ = {
			isa = PBXShellScriptBuildPhase;
			buildActionMask = 2147483647;
			files = (
			);
			inputFileListPaths = (
				"${PODS_ROOT}/Target Support Files/Pods-Nearby/Pods-Nearby-frameworks-${CONFIGURATION}-input-files.xcfilelist",
			);
			name = "[CP] Embed Pods Frameworks";
			outputFileListPaths = (
				"${PODS_ROOT}/Target Support Files/Pods-Nearby/Pods-Nearby-frameworks-${CONFIGURATION}-output-files.xcfilelist",
			);
			runOnlyForDeploymentPostprocessing = 0;
			shellPath = /bin/sh;
			shellScript = "\"${PODS_ROOT}/Target Support Files/Pods-Nearby/Pods-Nearby-frameworks.sh\"\n";
			showEnvVarsInLog = 0;
		};
/* End PBXShellScriptBuildPhase section */

/* Begin PBXSourcesBuildPhase section */
		EB5F6CC422AE7CC50053D2D0 /* Sources */ = {
			isa = PBXSourcesBuildPhase;
			buildActionMask = 2147483647;
			files = (
				EB5F6CF022AE7D360053D2D0 /* APIRequestProtocol.swift in Sources */,
				EB5F6CFF22AE9B190053D2D0 /* VenueTableViewCell.swift in Sources */,
				EB5F6CEE22AE7D0C0053D2D0 /* APIRequestLoader.swift in Sources */,
				EB5F6D0B22AEF3870053D2D0 /* UIImage+Extensions.swift in Sources */,
				EB5F6CF222AE7D5B0053D2D0 /* APIConfiguration.swift in Sources */,
				EB5F6CF822AE7E220053D2D0 /* Venue.swift in Sources */,
				EB5F6CCE22AE7CC50053D2D0 /* VenuesListViewController.swift in Sources */,
				EB5F6CF522AE7D8B0053D2D0 /* NearbyVenuesRequest.swift in Sources */,
				EB5F6D0322AEA8200053D2D0 /* VenuesListDataSource.swift in Sources */,
				EB5F6CCC22AE7CC50053D2D0 /* AppDelegate.swift in Sources */,
				EB5F6D0522AEAB6B0053D2D0 /* VenuesController.swift in Sources */,
				EB5F6D0D22AEF4BF0053D2D0 /* UserLocationManager.swift in Sources */,
			);
			runOnlyForDeploymentPostprocessing = 0;
		};
		EB5F6CD822AE7CC70053D2D0 /* Sources */ = {
			isa = PBXSourcesBuildPhase;
			buildActionMask = 2147483647;
			files = (
				EB5F6CE122AE7CC70053D2D0 /* NearbyTests.swift in Sources */,
			);
			runOnlyForDeploymentPostprocessing = 0;
		};
/* End PBXSourcesBuildPhase section */

/* Begin PBXTargetDependency section */
		EB5F6CDE22AE7CC70053D2D0 /* PBXTargetDependency */ = {
			isa = PBXTargetDependency;
			target = EB5F6CC722AE7CC50053D2D0 /* Nearby */;
			targetProxy = EB5F6CDD22AE7CC70053D2D0 /* PBXContainerItemProxy */;
		};
/* End PBXTargetDependency section */

/* Begin PBXVariantGroup section */
		EB5F6CCF22AE7CC50053D2D0 /* Main.storyboard */ = {
			isa = PBXVariantGroup;
			children = (
				EB5F6CD022AE7CC50053D2D0 /* Base */,
			);
			name = Main.storyboard;
			sourceTree = "<group>";
		};
		EB5F6CD422AE7CC70053D2D0 /* LaunchScreen.storyboard */ = {
			isa = PBXVariantGroup;
			children = (
				EB5F6CD522AE7CC70053D2D0 /* Base */,
			);
			name = LaunchScreen.storyboard;
			sourceTree = "<group>";
		};
/* End PBXVariantGroup section */

/* Begin XCBuildConfiguration section */
		EB5F6CE322AE7CC70053D2D0 /* Debug */ = {
			isa = XCBuildConfiguration;
			buildSettings = {
				ALWAYS_SEARCH_USER_PATHS = NO;
				CLANG_ANALYZER_NONNULL = YES;
				CLANG_ANALYZER_NUMBER_OBJECT_CONVERSION = YES_AGGRESSIVE;
				CLANG_CXX_LANGUAGE_STANDARD = "gnu++14";
				CLANG_CXX_LIBRARY = "libc++";
				CLANG_ENABLE_MODULES = YES;
				CLANG_ENABLE_OBJC_ARC = YES;
				CLANG_ENABLE_OBJC_WEAK = YES;
				CLANG_WARN_BLOCK_CAPTURE_AUTORELEASING = YES;
				CLANG_WARN_BOOL_CONVERSION = YES;
				CLANG_WARN_COMMA = YES;
				CLANG_WARN_CONSTANT_CONVERSION = YES;
				CLANG_WARN_DEPRECATED_OBJC_IMPLEMENTATIONS = YES;
				CLANG_WARN_DIRECT_OBJC_ISA_USAGE = YES_ERROR;
				CLANG_WARN_DOCUMENTATION_COMMENTS = YES;
				CLANG_WARN_EMPTY_BODY = YES;
				CLANG_WARN_ENUM_CONVERSION = YES;
				CLANG_WARN_INFINITE_RECURSION = YES;
				CLANG_WARN_INT_CONVERSION = YES;
				CLANG_WARN_NON_LITERAL_NULL_CONVERSION = YES;
				CLANG_WARN_OBJC_IMPLICIT_RETAIN_SELF = YES;
				CLANG_WARN_OBJC_LITERAL_CONVERSION = YES;
				CLANG_WARN_OBJC_ROOT_CLASS = YES_ERROR;
				CLANG_WARN_RANGE_LOOP_ANALYSIS = YES;
				CLANG_WARN_STRICT_PROTOTYPES = YES;
				CLANG_WARN_SUSPICIOUS_MOVE = YES;
				CLANG_WARN_UNGUARDED_AVAILABILITY = YES_AGGRESSIVE;
				CLANG_WARN_UNREACHABLE_CODE = YES;
				CLANG_WARN__DUPLICATE_METHOD_MATCH = YES;
				CODE_SIGN_IDENTITY = "iPhone Developer";
				COPY_PHASE_STRIP = NO;
				DEBUG_INFORMATION_FORMAT = dwarf;
				ENABLE_STRICT_OBJC_MSGSEND = YES;
				ENABLE_TESTABILITY = YES;
				GCC_C_LANGUAGE_STANDARD = gnu11;
				GCC_DYNAMIC_NO_PIC = NO;
				GCC_NO_COMMON_BLOCKS = YES;
				GCC_OPTIMIZATION_LEVEL = 0;
				GCC_PREPROCESSOR_DEFINITIONS = (
					"DEBUG=1",
					"$(inherited)",
				);
				GCC_WARN_64_TO_32_BIT_CONVERSION = YES;
				GCC_WARN_ABOUT_RETURN_TYPE = YES_ERROR;
				GCC_WARN_UNDECLARED_SELECTOR = YES;
				GCC_WARN_UNINITIALIZED_AUTOS = YES_AGGRESSIVE;
				GCC_WARN_UNUSED_FUNCTION = YES;
				GCC_WARN_UNUSED_VARIABLE = YES;
				IPHONEOS_DEPLOYMENT_TARGET = 12.2;
				MTL_ENABLE_DEBUG_INFO = INCLUDE_SOURCE;
				MTL_FAST_MATH = YES;
				ONLY_ACTIVE_ARCH = YES;
				SDKROOT = iphoneos;
				SWIFT_ACTIVE_COMPILATION_CONDITIONS = DEBUG;
				SWIFT_OPTIMIZATION_LEVEL = "-Onone";
			};
			name = Debug;
		};
		EB5F6CE422AE7CC70053D2D0 /* Release */ = {
			isa = XCBuildConfiguration;
			buildSettings = {
				ALWAYS_SEARCH_USER_PATHS = NO;
				CLANG_ANALYZER_NONNULL = YES;
				CLANG_ANALYZER_NUMBER_OBJECT_CONVERSION = YES_AGGRESSIVE;
				CLANG_CXX_LANGUAGE_STANDARD = "gnu++14";
				CLANG_CXX_LIBRARY = "libc++";
				CLANG_ENABLE_MODULES = YES;
				CLANG_ENABLE_OBJC_ARC = YES;
				CLANG_ENABLE_OBJC_WEAK = YES;
				CLANG_WARN_BLOCK_CAPTURE_AUTORELEASING = YES;
				CLANG_WARN_BOOL_CONVERSION = YES;
				CLANG_WARN_COMMA = YES;
				CLANG_WARN_CONSTANT_CONVERSION = YES;
				CLANG_WARN_DEPRECATED_OBJC_IMPLEMENTATIONS = YES;
				CLANG_WARN_DIRECT_OBJC_ISA_USAGE = YES_ERROR;
				CLANG_WARN_DOCUMENTATION_COMMENTS = YES;
				CLANG_WARN_EMPTY_BODY = YES;
				CLANG_WARN_ENUM_CONVERSION = YES;
				CLANG_WARN_INFINITE_RECURSION = YES;
				CLANG_WARN_INT_CONVERSION = YES;
				CLANG_WARN_NON_LITERAL_NULL_CONVERSION = YES;
				CLANG_WARN_OBJC_IMPLICIT_RETAIN_SELF = YES;
				CLANG_WARN_OBJC_LITERAL_CONVERSION = YES;
				CLANG_WARN_OBJC_ROOT_CLASS = YES_ERROR;
				CLANG_WARN_RANGE_LOOP_ANALYSIS = YES;
				CLANG_WARN_STRICT_PROTOTYPES = YES;
				CLANG_WARN_SUSPICIOUS_MOVE = YES;
				CLANG_WARN_UNGUARDED_AVAILABILITY = YES_AGGRESSIVE;
				CLANG_WARN_UNREACHABLE_CODE = YES;
				CLANG_WARN__DUPLICATE_METHOD_MATCH = YES;
				CODE_SIGN_IDENTITY = "iPhone Developer";
				COPY_PHASE_STRIP = NO;
				DEBUG_INFORMATION_FORMAT = "dwarf-with-dsym";
				ENABLE_NS_ASSERTIONS = NO;
				ENABLE_STRICT_OBJC_MSGSEND = YES;
				GCC_C_LANGUAGE_STANDARD = gnu11;
				GCC_NO_COMMON_BLOCKS = YES;
				GCC_WARN_64_TO_32_BIT_CONVERSION = YES;
				GCC_WARN_ABOUT_RETURN_TYPE = YES_ERROR;
				GCC_WARN_UNDECLARED_SELECTOR = YES;
				GCC_WARN_UNINITIALIZED_AUTOS = YES_AGGRESSIVE;
				GCC_WARN_UNUSED_FUNCTION = YES;
				GCC_WARN_UNUSED_VARIABLE = YES;
				IPHONEOS_DEPLOYMENT_TARGET = 12.2;
				MTL_ENABLE_DEBUG_INFO = NO;
				MTL_FAST_MATH = YES;
				SDKROOT = iphoneos;
				SWIFT_COMPILATION_MODE = wholemodule;
				SWIFT_OPTIMIZATION_LEVEL = "-O";
				VALIDATE_PRODUCT = YES;
			};
			name = Release;
		};
		EB5F6CE622AE7CC70053D2D0 /* Debug */ = {
			isa = XCBuildConfiguration;
			baseConfigurationReference = 83503D8063EC690650E33444 /* Pods-Nearby.debug.xcconfig */;
			buildSettings = {
				ASSETCATALOG_COMPILER_APPICON_NAME = AppIcon;
				CODE_SIGN_STYLE = Automatic;
				INFOPLIST_FILE = Nearby/Info.plist;
				LD_RUNPATH_SEARCH_PATHS = (
					"$(inherited)",
					"@executable_path/Frameworks",
				);
				PRODUCT_BUNDLE_IDENTIFIER = com.tungvo.Nearby;
				PRODUCT_NAME = "$(TARGET_NAME)";
				SWIFT_VERSION = 5.0;
				TARGETED_DEVICE_FAMILY = "1,2";
			};
			name = Debug;
		};
		EB5F6CE722AE7CC70053D2D0 /* Release */ = {
			isa = XCBuildConfiguration;
			baseConfigurationReference = 73E9D0DA1BAAB660DD318A66 /* Pods-Nearby.release.xcconfig */;
			buildSettings = {
				ASSETCATALOG_COMPILER_APPICON_NAME = AppIcon;
				CODE_SIGN_STYLE = Automatic;
				INFOPLIST_FILE = Nearby/Info.plist;
				LD_RUNPATH_SEARCH_PATHS = (
					"$(inherited)",
					"@executable_path/Frameworks",
				);
				PRODUCT_BUNDLE_IDENTIFIER = com.tungvo.Nearby;
				PRODUCT_NAME = "$(TARGET_NAME)";
				SWIFT_VERSION = 5.0;
				TARGETED_DEVICE_FAMILY = "1,2";
			};
			name = Release;
		};
		EB5F6CE922AE7CC70053D2D0 /* Debug */ = {
			isa = XCBuildConfiguration;
			baseConfigurationReference = F888102AA3D130970330F186 /* Pods-NearbyTests.debug.xcconfig */;
			buildSettings = {
				ALWAYS_EMBED_SWIFT_STANDARD_LIBRARIES = YES;
				BUNDLE_LOADER = "$(TEST_HOST)";
				CODE_SIGN_STYLE = Automatic;
				INFOPLIST_FILE = NearbyTests/Info.plist;
				LD_RUNPATH_SEARCH_PATHS = (
					"$(inherited)",
					"@executable_path/Frameworks",
					"@loader_path/Frameworks",
				);
				PRODUCT_BUNDLE_IDENTIFIER = com.tungvo.NearbyTests;
				PRODUCT_NAME = "$(TARGET_NAME)";
				SWIFT_VERSION = 5.0;
				TARGETED_DEVICE_FAMILY = "1,2";
				TEST_HOST = "$(BUILT_PRODUCTS_DIR)/Nearby.app/Nearby";
			};
			name = Debug;
		};
		EB5F6CEA22AE7CC70053D2D0 /* Release */ = {
			isa = XCBuildConfiguration;
			baseConfigurationReference = C9AD01D143A4C7D580E5435F /* Pods-NearbyTests.release.xcconfig */;
			buildSettings = {
				ALWAYS_EMBED_SWIFT_STANDARD_LIBRARIES = YES;
				BUNDLE_LOADER = "$(TEST_HOST)";
				CODE_SIGN_STYLE = Automatic;
				INFOPLIST_FILE = NearbyTests/Info.plist;
				LD_RUNPATH_SEARCH_PATHS = (
					"$(inherited)",
					"@executable_path/Frameworks",
					"@loader_path/Frameworks",
				);
				PRODUCT_BUNDLE_IDENTIFIER = com.tungvo.NearbyTests;
				PRODUCT_NAME = "$(TARGET_NAME)";
				SWIFT_VERSION = 5.0;
				TARGETED_DEVICE_FAMILY = "1,2";
				TEST_HOST = "$(BUILT_PRODUCTS_DIR)/Nearby.app/Nearby";
			};
			name = Release;
		};
/* End XCBuildConfiguration section */

/* Begin XCConfigurationList section */
		EB5F6CC322AE7CC50053D2D0 /* Build configuration list for PBXProject "Nearby" */ = {
			isa = XCConfigurationList;
			buildConfigurations = (
				EB5F6CE322AE7CC70053D2D0 /* Debug */,
				EB5F6CE422AE7CC70053D2D0 /* Release */,
			);
			defaultConfigurationIsVisible = 0;
			defaultConfigurationName = Release;
		};
		EB5F6CE522AE7CC70053D2D0 /* Build configuration list for PBXNativeTarget "Nearby" */ = {
			isa = XCConfigurationList;
			buildConfigurations = (
				EB5F6CE622AE7CC70053D2D0 /* Debug */,
				EB5F6CE722AE7CC70053D2D0 /* Release */,
			);
			defaultConfigurationIsVisible = 0;
			defaultConfigurationName = Release;
		};
		EB5F6CE822AE7CC70053D2D0 /* Build configuration list for PBXNativeTarget "NearbyTests" */ = {
			isa = XCConfigurationList;
			buildConfigurations = (
				EB5F6CE922AE7CC70053D2D0 /* Debug */,
				EB5F6CEA22AE7CC70053D2D0 /* Release */,
			);
			defaultConfigurationIsVisible = 0;
			defaultConfigurationName = Release;
		};
/* End XCConfigurationList section */
	};
	rootObject = EB5F6CC022AE7CC50053D2D0 /* Project object */;
}
